{
  "name": "server",
  "version": "1.0.0",
  "lockfileVersion": 3,
  "requires": true,
  "packages": {
    "": {
      "name": "server",
      "version": "1.0.0",
      "license": "ISC",
      "dependencies": {
        "@prisma/client": "^5.10.2",
        "dotenv": "^16.4.5",
        "ioredis": "^5.3.2"
      },
      "devDependencies": {
        "prisma": "^5.10.2"
      }
    },
    "node_modules/@ioredis/commands": {
      "version": "1.2.0",
      "resolved": "https://registry.npmjs.org/@ioredis/commands/-/commands-1.2.0.tgz",
      "integrity": "sha512-Sx1pU8EM64o2BrqNpEO1CNLtKQwyhuXuqyfH7oGKCk+1a33d2r5saW8zNwm3j6BTExtjrv2BxTgzzkMwts6vGg=="
    },
    "node_modules/@prisma/client": {
      "version": "5.10.2",
      "resolved": "https://registry.npmjs.org/@prisma/client/-/client-5.10.2.tgz",
      "integrity": "sha512-ef49hzB2yJZCvM5gFHMxSFL9KYrIP9udpT5rYo0CsHD4P9IKj473MbhU1gjKKftiwWBTIyrt9jukprzZXazyag==",
      "hasInstallScript": true,
      "engines": {
        "node": ">=16.13"
      },
      "peerDependencies": {
        "prisma": "*"
      },
      "peerDependenciesMeta": {
        "prisma": {
          "optional": true
        }
      }
    },
    "node_modules/@prisma/debug": {
      "version": "5.10.2",
      "resolved": "https://registry.npmjs.org/@prisma/debug/-/debug-5.10.2.tgz",
      "integrity": "sha512-bkBOmH9dpEBbMKFJj8V+Zp8IZHIBjy3fSyhLhxj4FmKGb/UBSt9doyfA6k1UeUREsMJft7xgPYBbHSOYBr8XCA==",
      "devOptional": true
    },
    "node_modules/@prisma/engines": {
      "version": "5.10.2",
      "resolved": "https://registry.npmjs.org/@prisma/engines/-/engines-5.10.2.tgz",
      "integrity": "sha512-HkSJvix6PW8YqEEt3zHfCYYJY69CXsNdhU+wna+4Y7EZ+AwzeupMnUThmvaDA7uqswiHkgm5/SZ6/4CStjaGmw==",
      "devOptional": true,
      "hasInstallScript": true,
      "dependencies": {
        "@prisma/debug": "5.10.2",
        "@prisma/engines-version": "5.10.0-34.5a9203d0590c951969e85a7d07215503f4672eb9",
        "@prisma/fetch-engine": "5.10.2",
        "@prisma/get-platform": "5.10.2"
      }
    },
    "node_modules/@prisma/engines-version": {
      "version": "5.10.0-34.5a9203d0590c951969e85a7d07215503f4672eb9",
      "resolved": "https://registry.npmjs.org/@prisma/engines-version/-/engines-version-5.10.0-34.5a9203d0590c951969e85a7d07215503f4672eb9.tgz",
      "integrity": "sha512-uCy/++3Jx/O3ufM+qv2H1L4tOemTNqcP/gyEVOlZqTpBvYJUe0tWtW0y3o2Ueq04mll4aM5X3f6ugQftOSLdFQ==",
      "devOptional": true
    },
    "node_modules/@prisma/fetch-engine": {
      "version": "5.10.2",
      "resolved": "https://registry.npmjs.org/@prisma/fetch-engine/-/fetch-engine-5.10.2.tgz",
      "integrity": "sha512-dSmXcqSt6DpTmMaLQ9K8ZKzVAMH3qwGCmYEZr/uVnzVhxRJ1EbT/w2MMwIdBNq1zT69Rvh0h75WMIi0mrIw7Hg==",
      "devOptional": true,
      "dependencies": {
        "@prisma/debug": "5.10.2",
        "@prisma/engines-version": "5.10.0-34.5a9203d0590c951969e85a7d07215503f4672eb9",
        "@prisma/get-platform": "5.10.2"
      }
    },
    "node_modules/@prisma/get-platform": {
      "version": "5.10.2",
      "resolved": "https://registry.npmjs.org/@prisma/get-platform/-/get-platform-5.10.2.tgz",
      "integrity": "sha512-nqXP6vHiY2PIsebBAuDeWiUYg8h8mfjBckHh6Jezuwej0QJNnjDiOq30uesmg+JXxGk99nqyG3B7wpcOODzXvg==",
      "devOptional": true,
      "dependencies": {
        "@prisma/debug": "5.10.2"
      }
    },
    "node_modules/cluster-key-slot": {
      "version": "1.1.2",
      "resolved": "https://registry.npmjs.org/cluster-key-slot/-/cluster-key-slot-1.1.2.tgz",
      "integrity": "sha512-RMr0FhtfXemyinomL4hrWcYJxmX6deFdCxpJzhDttxgO1+bcCnkk+9drydLVDmAMG7NE6aN/fl4F7ucU/90gAA==",
      "engines": {
        "node": ">=0.10.0"
      }
    },
    "node_modules/debug": {
      "version": "4.3.4",
      "resolved": "https://registry.npmjs.org/debug/-/debug-4.3.4.tgz",
      "integrity": "sha512-PRWFHuSU3eDtQJPvnNY7Jcket1j0t5OuOsFzPPzsekD52Zl8qUfFIPEiswXqIvHWGVHOgX+7G/vCNNhehwxfkQ==",
      "dependencies": {
        "ms": "2.1.2"
      },
      "engines": {
        "node": ">=6.0"
      },
      "peerDependenciesMeta": {
        "supports-color": {
          "optional": true
        }
      }
    },
    "node_modules/denque": {
      "version": "2.1.0",
      "resolved": "https://registry.npmjs.org/denque/-/denque-2.1.0.tgz",
      "integrity": "sha512-HVQE3AAb/pxF8fQAoiqpvg9i3evqug3hoiwakOyZAwJm+6vZehbkYXZ0l4JxS+I3QxM97v5aaRNhj8v5oBhekw==",
      "engines": {
        "node": ">=0.10"
      }
    },
    "node_modules/dotenv": {
      "version": "16.4.5",
      "resolved": "https://registry.npmjs.org/dotenv/-/dotenv-16.4.5.tgz",
      "integrity": "sha512-ZmdL2rui+eB2YwhsWzjInR8LldtZHGDoQ1ugH85ppHKwpUHL7j7rN0Ti9NCnGiQbhaZ11FpR+7ao1dNsmduNUg==",
      "engines": {
        "node": ">=12"
      },
      "funding": {
        "url": "https://dotenvx.com"
      }
    },
    "node_modules/ioredis": {
      "version": "5.3.2",
      "resolved": "https://registry.npmjs.org/ioredis/-/ioredis-5.3.2.tgz",
      "integrity": "sha512-1DKMMzlIHM02eBBVOFQ1+AolGjs6+xEcM4PDL7NqOS6szq7H9jSaEkIUH6/a5Hl241LzW6JLSiAbNvTQjUupUA==",
      "dependencies": {
        "@ioredis/commands": "^1.1.1",
        "cluster-key-slot": "^1.1.0",
        "debug": "^4.3.4",
        "denque": "^2.1.0",
        "lodash.defaults": "^4.2.0",
        "lodash.isarguments": "^3.1.0",
        "redis-errors": "^1.2.0",
        "redis-parser": "^3.0.0",
        "standard-as-callback": "^2.1.0"
      },
      "engines": {
        "node": ">=12.22.0"
      },
      "funding": {
        "type": "opencollective",
        "url": "https://opencollective.com/ioredis"
      }
    },
    "node_modules/lodash.defaults": {
      "version": "4.2.0",
      "resolved": "https://registry.npmjs.org/lodash.defaults/-/lodash.defaults-4.2.0.tgz",
      "integrity": "sha512-qjxPLHd3r5DnsdGacqOMU6pb/avJzdh9tFX2ymgoZE27BmjXrNy/y4LoaiTeAb+O3gL8AfpJGtqfX/ae2leYYQ=="
    },
    "node_modules/lodash.isarguments": {
      "version": "3.1.0",
      "resolved": "https://registry.npmjs.org/lodash.isarguments/-/lodash.isarguments-3.1.0.tgz",
      "integrity": "sha512-chi4NHZlZqZD18a0imDHnZPrDeBbTtVN7GXMwuGdRH9qotxAjYs3aVLKc7zNOG9eddR5Ksd8rvFEBc9SsggPpg=="
    },
    "node_modules/ms": {
      "version": "2.1.2",
      "resolved": "https://registry.npmjs.org/ms/-/ms-2.1.2.tgz",
      "integrity": "sha512-sGkPx+VjMtmA6MX27oA4FBFELFCZZ4S4XqeGOXCv68tT+jb3vk/RyaKWP0PTKyWtmLSM0b+adUTEvbs1PEaH2w=="
    },
    "node_modules/prisma": {
      "version": "5.10.2",
      "resolved": "https://registry.npmjs.org/prisma/-/prisma-5.10.2.tgz",
      "integrity": "sha512-hqb/JMz9/kymRE25pMWCxkdyhbnIWrq+h7S6WysJpdnCvhstbJSNP/S6mScEcqiB8Qv2F+0R3yG+osRaWqZacQ==",
      "devOptional": true,
      "hasInstallScript": true,
      "dependencies": {
        "@prisma/engines": "5.10.2"
      },
      "bin": {
        "prisma": "build/index.js"
      },
      "engines": {
        "node": ">=16.13"
      }
    },
    "node_modules/redis-errors": {
      "version": "1.2.0",
      "resolved": "https://registry.npmjs.org/redis-errors/-/redis-errors-1.2.0.tgz",
      "integrity": "sha512-1qny3OExCf0UvUV/5wpYKf2YwPcOqXzkwKKSmKHiE6ZMQs5heeE/c8eXK+PNllPvmjgAbfnsbpkGZWy8cBpn9w==",
      "engines": {
        "node": ">=4"
      }
    },
    "node_modules/redis-parser": {
      "version": "3.0.0",
      "resolved": "https://registry.npmjs.org/redis-parser/-/redis-parser-3.0.0.tgz",
      "integrity": "sha512-DJnGAeenTdpMEH6uAJRK/uiyEIH9WVsUmoLwzudwGJUwZPp80PDBWPHXSAGNPwNvIXAbe7MSUB1zQFugFml66A==",
      "dependencies": {
        "redis-errors": "^1.0.0"
      },
      "engines": {
        "node": ">=4"
      }
    },
    "node_modules/standard-as-callback": {
      "version": "2.1.0",
      "resolved": "https://registry.npmjs.org/standard-as-callback/-/standard-as-callback-2.1.0.tgz",
      "integrity": "sha512-qoRRSyROncaz1z0mvYqIE4lCd9p2R90i6GxW3uZv5ucSu8tU7B5HXUP1gG8pVZsYNVaXjk8ClXHPttLyxAL48A=="
    }
  }
}
